
Microsoft Visual Studio Solution File, Format Version 12.00
Project("{FAE04EC0-301F-11D3-BF4B-00C04F79EFBC}") = "triplets", "triplets\triplets.csproj", "{5085C9C3-2D3D-46D2-929D-0FCF4737B913}"
EndProject
Global
	GlobalSection(SolutionConfigurationPlatforms) = preSolution
		Debug|Any CPU = Debug|Any CPU
		Release|Any CPU = Release|Any CPU
	EndGlobalSection
	GlobalSection(ProjectConfigurationPlatforms) = postSolution
		{5085C9C3-2D3D-46D2-929D-0FCF4737B913}.Debug|Any CPU.ActiveCfg = Debug|Any CPU
		{5085C9C3-2D3D-46D2-929D-0FCF4737B913}.Debug|Any CPU.Build.0 = Debug|Any CPU
		{5085C9C3-2D3D-46D2-929D-0FCF4737B913}.Release|Any CPU.ActiveCfg = Release|Any CPU
		{5085C9C3-2D3D-46D2-929D-0FCF4737B913}.Release|Any CPU.Build.0 = Release|Any CPU
	EndGlobalSection
EndGlobal
